
Microsoft Visual Studio Solution File, Format Version 12.00
# Visual Studio Version 16
VisualStudioVersion = 16.0.30011.22
MinimumVisualStudioVersion = 10.0.40219.1
Project("{FAE04EC0-301F-11D3-BF4B-00C04F79EFBC}") = "MediaGeral", "MediaGeral\MediaGeral.csproj", "{26144174-0315-4659-B702-E6F09AAC5094}"
EndProject
Global
	GlobalSection(SolutionConfigurationPlatforms) = preSolution
		Debug|Any CPU = Debug|Any CPU
		Release|Any CPU = Release|Any CPU
	EndGlobalSection
	GlobalSection(ProjectConfigurationPlatforms) = postSolution
		{26144174-0315-4659-B702-E6F09AAC5094}.Debug|Any CPU.ActiveCfg = Debug|Any CPU
		{26144174-0315-4659-B702-E6F09AAC5094}.Debug|Any CPU.Build.0 = Debug|Any CPU
		{26144174-0315-4659-B702-E6F09AAC5094}.Release|Any CPU.ActiveCfg = Release|Any CPU
		{26144174-0315-4659-B702-E6F09AAC5094}.Release|Any CPU.Build.0 = Release|Any CPU
	EndGlobalSection
	GlobalSection(SolutionProperties) = preSolution
		HideSolutionNode = FALSE
	EndGlobalSection
	GlobalSection(ExtensibilityGlobals) = postSolution
		SolutionGuid = {EB1FE4EE-C6AE-4B6A-A4C1-ACC79EB90E5D}
	EndGlobalSection
EndGlobal
